
Microsoft Visual Studio Solution File, Format Version 12.00
# Visual Studio Version 16
VisualStudioVersion = 16.0.31424.327
MinimumVisualStudioVersion = 10.0.40219.1
Project("{8BC9CEB8-8B4A-11D0-8D11-00A0C91BC942}") = "Red Black Tree", "Red Black Tree\Red Black Tree.vcxproj", "{F04CE875-20A7-4162-AEB0-14B3C8FCFE90}"
EndProject
Global
	GlobalSection(SolutionConfigurationPlatforms) = preSolution
		Debug|x64 = Debug|x64
		Debug|x86 = Debug|x86
		Release|x64 = Release|x64
		Release|x86 = Release|x86
	EndGlobalSection
	GlobalSection(ProjectConfigurationPlatforms) = postSolution
		{F04CE875-20A7-4162-AEB0-14B3C8FCFE90}.Debug|x64.ActiveCfg = Debug|x64
		{F04CE875-20A7-4162-AEB0-14B3C8FCFE90}.Debug|x64.Build.0 = Debug|x64
		{F04CE875-20A7-4162-AEB0-14B3C8FCFE90}.Debug|x86.ActiveCfg = Debug|Win32
		{F04CE875-20A7-4162-AEB0-14B3C8FCFE90}.Debug|x86.Build.0 = Debug|Win32
		{F04CE875-20A7-4162-AEB0-14B3C8FCFE90}.Release|x64.ActiveCfg = Release|x64
		{F04CE875-20A7-4162-AEB0-14B3C8FCFE90}.Release|x64.Build.0 = Release|x64
		{F04CE875-20A7-4162-AEB0-14B3C8FCFE90}.Release|x86.ActiveCfg = Release|Win32
		{F04CE875-20A7-4162-AEB0-14B3C8FCFE90}.Release|x86.Build.0 = Release|Win32
	EndGlobalSection
	GlobalSection(SolutionProperties) = preSolution
		HideSolutionNode = FALSE
	EndGlobalSection
	GlobalSection(ExtensibilityGlobals) = postSolution
		SolutionGuid = {530D2F21-6B24-4BDA-B561-728D7117BC53}
	EndGlobalSection
EndGlobal
